
Microsoft Visual Studio Solution File, Format Version 12.00
# Visual Studio Version 16
VisualStudioVersion = 16.0.31613.86
MinimumVisualStudioVersion = 10.0.40219.1
Project("{FAE04EC0-301F-11D3-BF4B-00C04F79EFBC}") = "goLaundryWebAPI", "goLaundryWebAPI.csproj", "{B40C1BE5-4954-49AF-9E37-DD89077217A2}"
EndProject
Global
	GlobalSection(SolutionConfigurationPlatforms) = preSolution
		Debug|Any CPU = Debug|Any CPU
		Release|Any CPU = Release|Any CPU
	EndGlobalSection
	GlobalSection(ProjectConfigurationPlatforms) = postSolution
		{B40C1BE5-4954-49AF-9E37-DD89077217A2}.Debug|Any CPU.ActiveCfg = Debug|Any CPU
		{B40C1BE5-4954-49AF-9E37-DD89077217A2}.Debug|Any CPU.Build.0 = Debug|Any CPU
		{B40C1BE5-4954-49AF-9E37-DD89077217A2}.Release|Any CPU.ActiveCfg = Release|Any CPU
		{B40C1BE5-4954-49AF-9E37-DD89077217A2}.Release|Any CPU.Build.0 = Release|Any CPU
	EndGlobalSection
	GlobalSection(SolutionProperties) = preSolution
		HideSolutionNode = FALSE
	EndGlobalSection
	GlobalSection(ExtensibilityGlobals) = postSolution
		SolutionGuid = {BFBC60FB-9120-4936-A05F-2D2DBB57C195}
	EndGlobalSection
EndGlobal
